
Microsoft Visual Studio Solution File, Format Version 12.00
# Visual Studio Version 16
VisualStudioVersion = 16.0.30114.105
MinimumVisualStudioVersion = 10.0.40219.1
Project("{F2A71F9B-5D33-465A-A702-920D77279786}") = "Fable.Requests", "src\Fable.Requests.fsproj", "{6DB8CCC1-EEE8-499E-9810-03AF7110B065}"
EndProject
Project("{F2A71F9B-5D33-465A-A702-920D77279786}") = "tests", "tests\Tests.fsproj", "{17305A24-9FC2-4D84-BA0B-A4413F29892C}"
EndProject
Global
	GlobalSection(SolutionConfigurationPlatforms) = preSolution
		Debug|Any CPU = Debug|Any CPU
		Release|Any CPU = Release|Any CPU
	EndGlobalSection
	GlobalSection(SolutionProperties) = preSolution
		HideSolutionNode = FALSE
	EndGlobalSection
	GlobalSection(ProjectConfigurationPlatforms) = postSolution
		{6DB8CCC1-EEE8-499E-9810-03AF7110B065}.Debug|Any CPU.ActiveCfg = Debug|Any CPU
		{6DB8CCC1-EEE8-499E-9810-03AF7110B065}.Debug|Any CPU.Build.0 = Debug|Any CPU
		{6DB8CCC1-EEE8-499E-9810-03AF7110B065}.Release|Any CPU.ActiveCfg = Release|Any CPU
		{6DB8CCC1-EEE8-499E-9810-03AF7110B065}.Release|Any CPU.Build.0 = Release|Any CPU
		{17305A24-9FC2-4D84-BA0B-A4413F29892C}.Debug|Any CPU.ActiveCfg = Debug|Any CPU
		{17305A24-9FC2-4D84-BA0B-A4413F29892C}.Debug|Any CPU.Build.0 = Debug|Any CPU
		{17305A24-9FC2-4D84-BA0B-A4413F29892C}.Release|Any CPU.ActiveCfg = Release|Any CPU
		{17305A24-9FC2-4D84-BA0B-A4413F29892C}.Release|Any CPU.Build.0 = Release|Any CPU
	EndGlobalSection
EndGlobal
